// !$*UTF8*$!
{
	archiveVersion = 1;
	classes = {
	};
	objectVersion = 46;
	objects = {

/* Begin PBXBuildFile section */
		204E0F4A20AFEF1E002A8CCF /* CustomTableViewCell.xib in Resources */ = {isa = PBXBuildFile; fileRef = 204E0F4920AFEF1E002A8CCF /* CustomTableViewCell.xib */; };
		C41C5F001B5BCF7200D17543 /* main.m in Sources */ = {isa = PBXBuildFile; fileRef = C41C5EFF1B5BCF7200D17543 /* main.m */; };
		C41C5F031B5BCF7200D17543 /* AppDelegate.m in Sources */ = {isa = PBXBuildFile; fileRef = C41C5F021B5BCF7200D17543 /* AppDelegate.m */; };
		C41C5F061B5BCF7200D17543 /* CustomTableView.xcdatamodeld in Sources */ = {isa = PBXBuildFile; fileRef = C41C5F041B5BCF7200D17543 /* CustomTableView.xcdatamodeld */; };
		C41C5F091B5BCF7200D17543 /* MasterViewController.m in Sources */ = {isa = PBXBuildFile; fileRef = C41C5F081B5BCF7200D17543 /* MasterViewController.m */; };
		C41C5F0F1B5BCF7300D17543 /* Main.storyboard in Resources */ = {isa = PBXBuildFile; fileRef = C41C5F0D1B5BCF7300D17543 /* Main.storyboard */; };
		C41C5F111B5BCF7300D17543 /* Images.xcassets in Resources */ = {isa = PBXBuildFile; fileRef = C41C5F101B5BCF7300D17543 /* Images.xcassets */; };
		C41C5F141B5BCF7300D17543 /* LaunchScreen.xib in Resources */ = {isa = PBXBuildFile; fileRef = C41C5F121B5BCF7300D17543 /* LaunchScreen.xib */; };
		C41C5F201B5BCF7300D17543 /* CustomTableViewTests.m in Sources */ = {isa = PBXBuildFile; fileRef = C41C5F1F1B5BCF7300D17543 /* CustomTableViewTests.m */; };
		C41C5F2F1B5BD34200D17543 /* CustomTableViewCell.m in Sources */ = {isa = PBXBuildFile; fileRef = C41C5F2E1B5BD34200D17543 /* CustomTableViewCell.m */; };
/* End PBXBuildFile section */

/* Begin PBXContainerItemProxy section */
		C41C5F1A1B5BCF7300D17543 /* PBXContainerItemProxy */ = {
			isa = PBXContainerItemProxy;
			containerPortal = C41C5EF21B5BCF7200D17543 /* Project object */;
			proxyType = 1;
			remoteGlobalIDString = C41C5EF91B5BCF7200D17543;
			remoteInfo = CustomTableView;
		};
/* End PBXContainerItemProxy section */

/* Begin PBXFileReference section */
		204E0F4920AFEF1E002A8CCF /* CustomTableViewCell.xib */ = {isa = PBXFileReference; lastKnownFileType = file.xib; path = CustomTableViewCell.xib; sourceTree = "<group>"; };
		C41C5EFA1B5BCF7200D17543 /* CustomTableView.app */ = {isa = PBXFileReference; explicitFileType = wrapper.application; includeInIndex = 0; path = CustomTableView.app; sourceTree = BUILT_PRODUCTS_DIR; };
		C41C5EFE1B5BCF7200D17543 /* Info.plist */ = {isa = PBXFileReference; lastKnownFileType = text.plist.xml; path = Info.plist; sourceTree = "<group>"; };
		C41C5EFF1B5BCF7200D17543 /* main.m */ = {isa = PBXFileReference; lastKnownFileType = sourcecode.c.objc; path = main.m; sourceTree = "<group>"; };
		C41C5F011B5BCF7200D17543 /* AppDelegate.h */ = {isa = PBXFileReference; lastKnownFileType = sourcecode.c.h; path = AppDelegate.h; sourceTree = "<group>"; };
		C41C5F021B5BCF7200D17543 /* AppDelegate.m */ = {isa = PBXFileReference; lastKnownFileType = sourcecode.c.objc; path = AppDelegate.m; sourceTree = "<group>"; };
		C41C5F051B5BCF7200D17543 /* CustomTableView.xcdatamodel */ = {isa = PBXFileReference; lastKnownFileType = wrapper.xcdatamodel; path = CustomTableView.xcdatamodel; sourceTree = "<group>"; };
		C41C5F071B5BCF7200D17543 /* MasterViewController.h */ = {isa = PBXFileReference; lastKnownFileType = sourcecode.c.h; path = MasterViewController.h; sourceTree = "<group>"; };
		C41C5F081B5BCF7200D17543 /* MasterViewController.m */ = {isa = PBXFileReference; lastKnownFileType = sourcecode.c.objc; path = MasterViewController.m; sourceTree = "<group>"; };
		C41C5F0E1B5BCF7300D17543 /* Base */ = {isa = PBXFileReference; lastKnownFileType = file.storyboard; name = Base; path = Base.lproj/Main.storyboard; sourceTree = "<group>"; };
		C41C5F101B5BCF7300D17543 /* Images.xcassets */ = {isa = PBXFileReference; lastKnownFileType = folder.assetcatalog; path = Images.xcassets; sourceTree = "<group>"; };
		C41C5F131B5BCF7300D17543 /* Base */ = {isa = PBXFileReference; lastKnownFileType = file.xib; name = Base; path = Base.lproj/LaunchScreen.xib; sourceTree = "<group>"; };
		C41C5F191B5BCF7300D17543 /* CustomTableViewTests.xctest */ = {isa = PBXFileReference; explicitFileType = wrapper.cfbundle; includeInIndex = 0; path = CustomTableViewTests.xctest; sourceTree = BUILT_PRODUCTS_DIR; };
		C41C5F1E1B5BCF7300D17543 /* Info.plist */ = {isa = PBXFileReference; lastKnownFileType = text.plist.xml; path = Info.plist; sourceTree = "<group>"; };
		C41C5F1F1B5BCF7300D17543 /* CustomTableViewTests.m */ = {isa = PBXFileReference; lastKnownFileType = sourcecode.c.objc; path = CustomTableViewTests.m; sourceTree = "<group>"; };
		C41C5F2D1B5BD34200D17543 /* CustomTableViewCell.h */ = {isa = PBXFileReference; fileEncoding = 4; lastKnownFileType = sourcecode.c.h; path = CustomTableViewCell.h; sourceTree = "<group>"; };
		C41C5F2E1B5BD34200D17543 /* CustomTableViewCell.m */ = {isa = PBXFileReference; fileEncoding = 4; lastKnownFileType = sourcecode.c.objc; path = CustomTableViewCell.m; sourceTree = "<group>"; };
		C41C5F301B614C3A00D17543 /* iOSMacro.h */ = {isa = PBXFileReference; lastKnownFileType = sourcecode.c.h; path = iOSMacro.h; sourceTree = "<group>"; };
/* End PBXFileReference section */

/* Begin PBXFrameworksBuildPhase section */
		C41C5EF71B5BCF7200D17543 /* Frameworks */ = {
			isa = PBXFrameworksBuildPhase;
			buildActionMask = 2147483647;
			files = (
			);
			runOnlyForDeploymentPostprocessing = 0;
		};
		C41C5F161B5BCF7300D17543 /* Frameworks */ = {
			isa = PBXFrameworksBuildPhase;
			buildActionMask = 2147483647;
			files = (
			);
			runOnlyForDeploymentPostprocessing = 0;
		};
/* End PBXFrameworksBuildPhase section */

/* Begin PBXGroup section */
		204E0F7E20AFF4A9002A8CCF /* Class */ = {
			isa = PBXGroup;
			children = (
				C41C5F2D1B5BD34200D17543 /* CustomTableViewCell.h */,
				C41C5F2E1B5BD34200D17543 /* CustomTableViewCell.m */,
				204E0F4920AFEF1E002A8CCF /* CustomTableViewCell.xib */,
				C41C5F071B5BCF7200D17543 /* MasterViewController.h */,
				C41C5F081B5BCF7200D17543 /* MasterViewController.m */,
			);
			name = Class;
			sourceTree = "<group>";
		};
		C41C5EF11B5BCF7200D17543 = {
			isa = PBXGroup;
			children = (
				C41C5EFC1B5BCF7200D17543 /* CustomTableView */,
				C41C5F1C1B5BCF7300D17543 /* CustomTableViewTests */,
				C41C5EFB1B5BCF7200D17543 /* Products */,
			);
			sourceTree = "<group>";
		};
		C41C5EFB1B5BCF7200D17543 /* Products */ = {
			isa = PBXGroup;
			children = (
				C41C5EFA1B5BCF7200D17543 /* CustomTableView.app */,
				C41C5F191B5BCF7300D17543 /* CustomTableViewTests.xctest */,
			);
			name = Products;
			sourceTree = "<group>";
		};
		C41C5EFC1B5BCF7200D17543 /* CustomTableView */ = {
			isa = PBXGroup;
			children = (
				204E0F7E20AFF4A9002A8CCF /* Class */,
				C41C5F011B5BCF7200D17543 /* AppDelegate.h */,
				C41C5F021B5BCF7200D17543 /* AppDelegate.m */,
				C41C5F041B5BCF7200D17543 /* CustomTableView.xcdatamodeld */,
				C41C5F101B5BCF7300D17543 /* Images.xcassets */,
				C41C5F301B614C3A00D17543 /* iOSMacro.h */,
				C41C5F121B5BCF7300D17543 /* LaunchScreen.xib */,
				C41C5F0D1B5BCF7300D17543 /* Main.storyboard */,
				C41C5EFD1B5BCF7200D17543 /* Supporting Files */,
			);
			path = CustomTableView;
			sourceTree = "<group>";
		};
		C41C5EFD1B5BCF7200D17543 /* Supporting Files */ = {
			isa = PBXGroup;
			children = (
				C41C5EFE1B5BCF7200D17543 /* Info.plist */,
				C41C5EFF1B5BCF7200D17543 /* main.m */,
			);
			name = "Supporting Files";
			sourceTree = "<group>";
		};
		C41C5F1C1B5BCF7300D17543 /* CustomTableViewTests */ = {
			isa = PBXGroup;
			children = (
				C41C5F1F1B5BCF7300D17543 /* CustomTableViewTests.m */,
				C41C5F1D1B5BCF7300D17543 /* Supporting Files */,
			);
			path = CustomTableViewTests;
			sourceTree = "<group>";
		};
		C41C5F1D1B5BCF7300D17543 /* Supporting Files */ = {
			isa = PBXGroup;
			children = (
				C41C5F1E1B5BCF7300D17543 /* Info.plist */,
			);
			name = "Supporting Files";
			sourceTree = "<group>";
		};
/* End PBXGroup section */

/* Begin PBXNativeTarget section */
		C41C5EF91B5BCF7200D17543 /* CustomTableView */ = {
			isa = PBXNativeTarget;
			buildConfigurationList = C41C5F231B5BCF7300D17543 /* Build configuration list for PBXNativeTarget "CustomTableView" */;
			buildPhases = (
				C41C5EF61B5BCF7200D17543 /* Sources */,
				C41C5EF71B5BCF7200D17543 /* Frameworks */,
				C41C5EF81B5BCF7200D17543 /* Resources */,
			);
			buildRules = (
			);
			dependencies = (
			);
			name = CustomTableView;
			productName = CustomTableView;
			productReference = C41C5EFA1B5BCF7200D17543 /* CustomTableView.app */;
			productType = "com.apple.product-type.application";
		};
		C41C5F181B5BCF7300D17543 /* CustomTableViewTests */ = {
			isa = PBXNativeTarget;
			buildConfigurationList = C41C5F261B5BCF7300D17543 /* Build configuration list for PBXNativeTarget "CustomTableViewTests" */;
			buildPhases = (
				C41C5F151B5BCF7300D17543 /* Sources */,
				C41C5F161B5BCF7300D17543 /* Frameworks */,
				C41C5F171B5BCF7300D17543 /* Resources */,
			);
			buildRules = (
			);
			dependencies = (
				C41C5F1B1B5BCF7300D17543 /* PBXTargetDependency */,
			);
			name = CustomTableViewTests;
			productName = CustomTableViewTests;
			productReference = C41C5F191B5BCF7300D17543 /* CustomTableViewTests.xctest */;
			productType = "com.apple.product-type.bundle.unit-test";
		};
/* End PBXNativeTarget section */

/* Begin PBXProject section */
		C41C5EF21B5BCF7200D17543 /* Project object */ = {
			isa = PBXProject;
			attributes = {
				LastUpgradeCheck = 0920;
				ORGANIZATIONNAME = HayashidaKazumi;
				TargetAttributes = {
					C41C5EF91B5BCF7200D17543 = {
						CreatedOnToolsVersion = 6.4;
						ProvisioningStyle = Automatic;
					};
					C41C5F181B5BCF7300D17543 = {
						CreatedOnToolsVersion = 6.4;
						TestTargetID = C41C5EF91B5BCF7200D17543;
					};
				};
			};
			buildConfigurationList = C41C5EF51B5BCF7200D17543 /* Build configuration list for PBXProject "CustomTableView" */;
			compatibilityVersion = "Xcode 3.2";
			developmentRegion = English;
			hasScannedForEncodings = 0;
			knownRegions = (
				en,
				Base,
			);
			mainGroup = C41C5EF11B5BCF7200D17543;
			productRefGroup = C41C5EFB1B5BCF7200D17543 /* Products */;
			projectDirPath = "";
			projectRoot = "";
			targets = (
				C41C5EF91B5BCF7200D17543 /* CustomTableView */,
				C41C5F181B5BCF7300D17543 /* CustomTableViewTests */,
			);
		};
/* End PBXProject section */

/* Begin PBXResourcesBuildPhase section */
		C41C5EF81B5BCF7200D17543 /* Resources */ = {
			isa = PBXResourcesBuildPhase;
			buildActionMask = 2147483647;
			files = (
				C41C5F0F1B5BCF7300D17543 /* Main.storyboard in Resources */,
				C41C5F141B5BCF7300D17543 /* LaunchScreen.xib in Resources */,
				204E0F4A20AFEF1E002A8CCF /* CustomTableViewCell.xib in Resources */,
				C41C5F111B5BCF7300D17543 /* Images.xcassets in Resources */,
			);
			runOnlyForDeploymentPostprocessing = 0;
		};
		C41C5F171B5BCF7300D17543 /* Resources */ = {
			isa = PBXResourcesBuildPhase;
			buildActionMask = 2147483647;
			files = (
			);
			runOnlyForDeploymentPostprocessing = 0;
		};
/* End PBXResourcesBuildPhase section */

/* Begin PBXSourcesBuildPhase section */
		C41C5EF61B5BCF7200D17543 /* Sources */ = {
			isa = PBXSourcesBuildPhase;
			buildActionMask = 2147483647;
			files = (
				C41C5F091B5BCF7200D17543 /* MasterViewController.m in Sources */,
				C41C5F2F1B5BD34200D17543 /* CustomTableViewCell.m in Sources */,
				C41C5F031B5BCF7200D17543 /* AppDelegate.m in Sources */,
				C41C5F001B5BCF7200D17543 /* main.m in Sources */,
				C41C5F061B5BCF7200D17543 /* CustomTableView.xcdatamodeld in Sources */,
			);
			runOnlyForDeploymentPostprocessing = 0;
		};
		C41C5F151B5BCF7300D17543 /* Sources */ = {
			isa = PBXSourcesBuildPhase;
			buildActionMask = 2147483647;
			files = (
				C41C5F201B5BCF7300D17543 /* CustomTableViewTests.m in Sources */,
			);
			runOnlyForDeploymentPostprocessing = 0;
		};
/* End PBXSourcesBuildPhase section */

/* Begin PBXTargetDependency section */
		C41C5F1B1B5BCF7300D17543 /* PBXTargetDependency */ = {
			isa = PBXTargetDependency;
			target = C41C5EF91B5BCF7200D17543 /* CustomTableView */;
			targetProxy = C41C5F1A1B5BCF7300D17543 /* PBXContainerItemProxy */;
		};
/* End PBXTargetDependency section */

/* Begin PBXVariantGroup section */
		C41C5F0D1B5BCF7300D17543 /* Main.storyboard */ = {
			isa = PBXVariantGroup;
			children = (
				C41C5F0E1B5BCF7300D17543 /* Base */,
			);
			name = Main.storyboard;
			sourceTree = "<group>";
		};
		C41C5F121B5BCF7300D17543 /* LaunchScreen.xib */ = {
			isa = PBXVariantGroup;
			children = (
				C41C5F131B5BCF7300D17543 /* Base */,
			);
			name = LaunchScreen.xib;
			sourceTree = "<group>";
		};
/* End PBXVariantGroup section */

/* Begin XCBuildConfiguration section */
		C41C5F211B5BCF7300D17543 /* Debug */ = {
			isa = XCBuildConfiguration;
			buildSettings = {
				ALWAYS_SEARCH_USER_PATHS = NO;
				CLANG_CXX_LANGUAGE_STANDARD = "gnu++0x";
				CLANG_CXX_LIBRARY = "libc++";
				CLANG_ENABLE_MODULES = YES;
				CLANG_ENABLE_OBJC_ARC = YES;
				CLANG_WARN_BLOCK_CAPTURE_AUTORELEASING = YES;
				CLANG_WARN_BOOL_CONVERSION = YES;
				CLANG_WARN_COMMA = YES;
				CLANG_WARN_CONSTANT_CONVERSION = YES;
				CLANG_WARN_DIRECT_OBJC_ISA_USAGE = YES_ERROR;
				CLANG_WARN_EMPTY_BODY = YES;
				CLANG_WARN_ENUM_CONVERSION = YES;
				CLANG_WARN_INFINITE_RECURSION = YES;
				CLANG_WARN_INT_CONVERSION = YES;
				CLANG_WARN_NON_LITERAL_NULL_CONVERSION = YES;
				CLANG_WARN_OBJC_LITERAL_CONVERSION = YES;
				CLANG_WARN_OBJC_ROOT_CLASS = YES_ERROR;
				CLANG_WARN_RANGE_LOOP_ANALYSIS = YES;
				CLANG_WARN_STRICT_PROTOTYPES = YES;
				CLANG_WARN_SUSPICIOUS_MOVE = YES;
				CLANG_WARN_UNREACHABLE_CODE = YES;
				CLANG_WARN__DUPLICATE_METHOD_MATCH = YES;
				"CODE_SIGN_IDENTITY[sdk=iphoneos*]" = "iPhone Developer";
				COPY_PHASE_STRIP = NO;
				DEBUG_INFORMATION_FORMAT = "dwarf-with-dsym";
				ENABLE_STRICT_OBJC_MSGSEND = YES;
				ENABLE_TESTABILITY = YES;
				GCC_C_LANGUAGE_STANDARD = gnu99;
				GCC_DYNAMIC_NO_PIC = NO;
				GCC_NO_COMMON_BLOCKS = YES;
				GCC_OPTIMIZATION_LEVEL = 0;
				GCC_PREPROCESSOR_DEFINITIONS = (
					"DEBUG=1",
					"$(inherited)",
				);
				GCC_SYMBOLS_PRIVATE_EXTERN = NO;
				GCC_WARN_64_TO_32_BIT_CONVERSION = YES;
				GCC_WARN_ABOUT_RETURN_TYPE = YES_ERROR;
				GCC_WARN_UNDECLARED_SELECTOR = YES;
				GCC_WARN_UNINITIALIZED_AUTOS = YES_AGGRESSIVE;
				GCC_WARN_UNUSED_FUNCTION = YES;
				GCC_WARN_UNUSED_VARIABLE = YES;
				IPHONEOS_DEPLOYMENT_TARGET = 11.2;
				MTL_ENABLE_DEBUG_INFO = YES;
				ONLY_ACTIVE_ARCH = YES;
				SDKROOT = iphoneos;
			};
			name = Debug;
		};
		C41C5F221B5BCF7300D17543 /* Release */ = {
			isa = XCBuildConfiguration;
			buildSettings = {
				ALWAYS_SEARCH_USER_PATHS = NO;
				CLANG_CXX_LANGUAGE_STANDARD = "gnu++0x";
				CLANG_CXX_LIBRARY = "libc++";
				CLANG_ENABLE_MODULES = YES;
				CLANG_ENABLE_OBJC_ARC = YES;
				CLANG_WARN_BLOCK_CAPTURE_AUTORELEASING = YES;
				CLANG_WARN_BOOL_CONVERSION = YES;
				CLANG_WARN_COMMA = YES;
				CLANG_WARN_CONSTANT_CONVERSION = YES;
				CLANG_WARN_DIRECT_OBJC_ISA_USAGE = YES_ERROR;
				CLANG_WARN_EMPTY_BODY = YES;
				CLANG_WARN_ENUM_CONVERSION = YES;
				CLANG_WARN_INFINITE_RECURSION = YES;
				CLANG_WARN_INT_CONVERSION = YES;
				CLANG_WARN_NON_LITERAL_NULL_CONVERSION = YES;
				CLANG_WARN_OBJC_LITERAL_CONVERSION = YES;
				CLANG_WARN_OBJC_ROOT_CLASS = YES_ERROR;
				CLANG_WARN_RANGE_LOOP_ANALYSIS = YES;
				CLANG_WARN_STRICT_PROTOTYPES = YES;
				CLANG_WARN_SUSPICIOUS_MOVE = YES;
				CLANG_WARN_UNREACHABLE_CODE = YES;
				CLANG_WARN__DUPLICATE_METHOD_MATCH = YES;
				"CODE_SIGN_IDENTITY[sdk=iphoneos*]" = "iPhone Developer";
				COPY_PHASE_STRIP = NO;
				DEBUG_INFORMATION_FORMAT = "dwarf-with-dsym";
				ENABLE_NS_ASSERTIONS = NO;
				ENABLE_STRICT_OBJC_MSGSEND = YES;
				GCC_C_LANGUAGE_STANDARD = gnu99;
				GCC_NO_COMMON_BLOCKS = YES;
				GCC_WARN_64_TO_32_BIT_CONVERSION = YES;
				GCC_WARN_ABOUT_RETURN_TYPE = YES_ERROR;
				GCC_WARN_UNDECLARED_SELECTOR = YES;
				GCC_WARN_UNINITIALIZED_AUTOS = YES_AGGRESSIVE;
				GCC_WARN_UNUSED_FUNCTION = YES;
				GCC_WARN_UNUSED_VARIABLE = YES;
				IPHONEOS_DEPLOYMENT_TARGET = 11.2;
				MTL_ENABLE_DEBUG_INFO = NO;
				SDKROOT = iphoneos;
				VALIDATE_PRODUCT = YES;
			};
			name = Release;
		};
		C41C5F241B5BCF7300D17543 /* Debug */ = {
			isa = XCBuildConfiguration;
			buildSettings = {
				ASSETCATALOG_COMPILER_APPICON_NAME = AppIcon;
				"CODE_SIGN_IDENTITY[sdk=iphoneos*]" = "iPhone Developer";
				CODE_SIGN_STYLE = Automatic;
				DEVELOPMENT_TEAM = "";
				INFOPLIST_FILE = CustomTableView/Info.plist;
				IPHONEOS_DEPLOYMENT_TARGET = 11.2;
				LD_RUNPATH_SEARCH_PATHS = "$(inherited) @executable_path/Frameworks";
				PRODUCT_BUNDLE_IDENTIFIER = "hayashida.com.$(PRODUCT_NAME:rfc1034identifier)";
				PRODUCT_NAME = "$(TARGET_NAME)";
				PROVISIONING_PROFILE_SPECIFIER = "";
			};
			name = Debug;
		};
		C41C5F251B5BCF7300D17543 /* Release */ = {
			isa = XCBuildConfiguration;
			buildSettings = {
				ASSETCATALOG_COMPILER_APPICON_NAME = AppIcon;
				"CODE_SIGN_IDENTITY[sdk=iphoneos*]" = "iPhone Developer";
				CODE_SIGN_STYLE = Automatic;
				DEVELOPMENT_TEAM = "";
				INFOPLIST_FILE = CustomTableView/Info.plist;
				IPHONEOS_DEPLOYMENT_TARGET = 11.2;
				LD_RUNPATH_SEARCH_PATHS = "$(inherited) @executable_path/Frameworks";
				PRODUCT_BUNDLE_IDENTIFIER = "hayashida.com.$(PRODUCT_NAME:rfc1034identifier)";
				PRODUCT_NAME = "$(TARGET_NAME)";
				PROVISIONING_PROFILE_SPECIFIER = "";
			};
			name = Release;
		};
		C41C5F271B5BCF7300D17543 /* Debug */ = {
			isa = XCBuildConfiguration;
			buildSettings = {
				BUNDLE_LOADER = "$(TEST_HOST)";
				FRAMEWORK_SEARCH_PATHS = (
					"$(SDKROOT)/Developer/Library/Frameworks",
					"$(inherited)",
				);
				GCC_PREPROCESSOR_DEFINITIONS = (
					"DEBUG=1",
					"$(inherited)",
				);
				INFOPLIST_FILE = CustomTableViewTests/Info.plist;
				LD_RUNPATH_SEARCH_PATHS = "$(inherited) @executable_path/Frameworks @loader_path/Frameworks";
				PRODUCT_BUNDLE_IDENTIFIER = "hayashida.com.$(PRODUCT_NAME:rfc1034identifier)";
				PRODUCT_NAME = "$(TARGET_NAME)";
				TEST_HOST = "$(BUILT_PRODUCTS_DIR)/CustomTableView.app/CustomTableView";
			};
			name = Debug;
		};
		C41C5F281B5BCF7300D17543 /* Release */ = {
			isa = XCBuildConfiguration;
			buildSettings = {
				BUNDLE_LOADER = "$(TEST_HOST)";
				FRAMEWORK_SEARCH_PATHS = (
					"$(SDKROOT)/Developer/Library/Frameworks",
					"$(inherited)",
				);
				INFOPLIST_FILE = CustomTableViewTests/Info.plist;
				LD_RUNPATH_SEARCH_PATHS = "$(inherited) @executable_path/Frameworks @loader_path/Frameworks";
				PRODUCT_BUNDLE_IDENTIFIER = "hayashida.com.$(PRODUCT_NAME:rfc1034identifier)";
				PRODUCT_NAME = "$(TARGET_NAME)";
				TEST_HOST = "$(BUILT_PRODUCTS_DIR)/CustomTableView.app/CustomTableView";
			};
			name = Release;
		};
/* End XCBuildConfiguration section */

/* Begin XCConfigurationList section */
		C41C5EF51B5BCF7200D17543 /* Build configuration list for PBXProject "CustomTableView" */ = {
			isa = XCConfigurationList;
			buildConfigurations = (
				C41C5F211B5BCF7300D17543 /* Debug */,
				C41C5F221B5BCF7300D17543 /* Release */,
			);
			defaultConfigurationIsVisible = 0;
			defaultConfigurationName = Release;
		};
		C41C5F231B5BCF7300D17543 /* Build configuration list for PBXNativeTarget "CustomTableView" */ = {
			isa = XCConfigurationList;
			buildConfigurations = (
				C41C5F241B5BCF7300D17543 /* Debug */,
				C41C5F251B5BCF7300D17543 /* Release */,
			);
			defaultConfigurationIsVisible = 0;
			defaultConfigurationName = Release;
		};
		C41C5F261B5BCF7300D17543 /* Build configuration list for PBXNativeTarget "CustomTableViewTests" */ = {
			isa = XCConfigurationList;
			buildConfigurations = (
				C41C5F271B5BCF7300D17543 /* Debug */,
				C41C5F281B5BCF7300D17543 /* Release */,
			);
			defaultConfigurationIsVisible = 0;
			defaultConfigurationName = Release;
		};
/* End XCConfigurationList section */

/* Begin XCVersionGroup section */
		C41C5F041B5BCF7200D17543 /* CustomTableView.xcdatamodeld */ = {
			isa = XCVersionGroup;
			children = (
				C41C5F051B5BCF7200D17543 /* CustomTableView.xcdatamodel */,
			);
			currentVersion = C41C5F051B5BCF7200D17543 /* CustomTableView.xcdatamodel */;
			path = CustomTableView.xcdatamodeld;
			sourceTree = "<group>";
			versionGroupType = wrapper.xcdatamodel;
		};
/* End XCVersionGroup section */
	};
	rootObject = C41C5EF21B5BCF7200D17543 /* Project object */;
}
